
Microsoft Visual Studio Solution File, Format Version 12.00
# Visual Studio Version 17
VisualStudioVersion = 17.4.33122.133
MinimumVisualStudioVersion = 10.0.40219.1
Project("{FAE04EC0-301F-11D3-BF4B-00C04F79EFBC}") = "BulkyBookWeb", "BulkyBookWeb\BulkyBookWeb.csproj", "{8949E087-8990-4FFE-A54C-86AE12F52509}"
EndProject
Global
	GlobalSection(SolutionConfigurationPlatforms) = preSolution
		Debug|Any CPU = Debug|Any CPU
		Release|Any CPU = Release|Any CPU
	EndGlobalSection
	GlobalSection(ProjectConfigurationPlatforms) = postSolution
		{8949E087-8990-4FFE-A54C-86AE12F52509}.Debug|Any CPU.ActiveCfg = Debug|Any CPU
		{8949E087-8990-4FFE-A54C-86AE12F52509}.Debug|Any CPU.Build.0 = Debug|Any CPU
		{8949E087-8990-4FFE-A54C-86AE12F52509}.Release|Any CPU.ActiveCfg = Release|Any CPU
		{8949E087-8990-4FFE-A54C-86AE12F52509}.Release|Any CPU.Build.0 = Release|Any CPU
	EndGlobalSection
	GlobalSection(SolutionProperties) = preSolution
		HideSolutionNode = FALSE
	EndGlobalSection
	GlobalSection(ExtensibilityGlobals) = postSolution
		SolutionGuid = {42AD1362-46C6-401E-A5B4-EE81B1F1BE8C}
	EndGlobalSection
EndGlobal
